// !$*UTF8*$!
{
	archiveVersion = 1;
	classes = {
	};
	objectVersion = 50;
	objects = {

/* Begin PBXBuildFile section */
		1789DCB02502B4A9003C0D6B /* AppDelegate.swift in Sources */ = {isa = PBXBuildFile; fileRef = 1789DCAF2502B4A9003C0D6B /* AppDelegate.swift */; };
		1789DCB22502B4A9003C0D6B /* SceneDelegate.swift in Sources */ = {isa = PBXBuildFile; fileRef = 1789DCB12502B4A9003C0D6B /* SceneDelegate.swift */; };
		1789DCB42502B4A9003C0D6B /* ViewController.swift in Sources */ = {isa = PBXBuildFile; fileRef = 1789DCB32502B4A9003C0D6B /* ViewController.swift */; };
		1789DCB72502B4A9003C0D6B /* Main.storyboard in Resources */ = {isa = PBXBuildFile; fileRef = 1789DCB52502B4A9003C0D6B /* Main.storyboard */; };
		1789DCB92502B4AA003C0D6B /* Assets.xcassets in Resources */ = {isa = PBXBuildFile; fileRef = 1789DCB82502B4AA003C0D6B /* Assets.xcassets */; };
		1789DCBC2502B4AA003C0D6B /* LaunchScreen.storyboard in Resources */ = {isa = PBXBuildFile; fileRef = 1789DCBA2502B4AA003C0D6B /* LaunchScreen.storyboard */; };
		1789DCC72502B4AB003C0D6B /* L4SStampTests.swift in Sources */ = {isa = PBXBuildFile; fileRef = 1789DCC62502B4AB003C0D6B /* L4SStampTests.swift */; };
		1789DCD22502B4AB003C0D6B /* L4SStampUITests.swift in Sources */ = {isa = PBXBuildFile; fileRef = 1789DCD12502B4AB003C0D6B /* L4SStampUITests.swift */; };
		1789DCE52502B4BE003C0D6B /* hana.png in Resources */ = {isa = PBXBuildFile; fileRef = 1789DCE02502B4BE003C0D6B /* hana.png */; };
		1789DCE62502B4BE003C0D6B /* onpu.png in Resources */ = {isa = PBXBuildFile; fileRef = 1789DCE12502B4BE003C0D6B /* onpu.png */; };
		1789DCE72502B4BE003C0D6B /* hoshi.png in Resources */ = {isa = PBXBuildFile; fileRef = 1789DCE22502B4BE003C0D6B /* hoshi.png */; };
		1789DCE82502B4BE003C0D6B /* background.png in Resources */ = {isa = PBXBuildFile; fileRef = 1789DCE32502B4BE003C0D6B /* background.png */; };
		1789DCE92502B4BE003C0D6B /* shitumon.png in Resources */ = {isa = PBXBuildFile; fileRef = 1789DCE42502B4BE003C0D6B /* shitumon.png */; };
/* End PBXBuildFile section */

/* Begin PBXContainerItemProxy section */
		1789DCC32502B4AB003C0D6B /* PBXContainerItemProxy */ = {
			isa = PBXContainerItemProxy;
			containerPortal = 1789DCA42502B4A9003C0D6B /* Project object */;
			proxyType = 1;
			remoteGlobalIDString = 1789DCAB2502B4A9003C0D6B;
			remoteInfo = L4SStamp;
		};
		1789DCCE2502B4AB003C0D6B /* PBXContainerItemProxy */ = {
			isa = PBXContainerItemProxy;
			containerPortal = 1789DCA42502B4A9003C0D6B /* Project object */;
			proxyType = 1;
			remoteGlobalIDString = 1789DCAB2502B4A9003C0D6B;
			remoteInfo = L4SStamp;
		};
/* End PBXContainerItemProxy section */

/* Begin PBXFileReference section */
		1789DCAC2502B4A9003C0D6B /* L4SStamp.app */ = {isa = PBXFileReference; explicitFileType = wrapper.application; includeInIndex = 0; path = L4SStamp.app; sourceTree = BUILT_PRODUCTS_DIR; };
		1789DCAF2502B4A9003C0D6B /* AppDelegate.swift */ = {isa = PBXFileReference; lastKnownFileType = sourcecode.swift; path = AppDelegate.swift; sourceTree = "<group>"; };
		1789DCB12502B4A9003C0D6B /* SceneDelegate.swift */ = {isa = PBXFileReference; lastKnownFileType = sourcecode.swift; path = SceneDelegate.swift; sourceTree = "<group>"; };
		1789DCB32502B4A9003C0D6B /* ViewController.swift */ = {isa = PBXFileReference; lastKnownFileType = sourcecode.swift; path = ViewController.swift; sourceTree = "<group>"; };
		1789DCB62502B4A9003C0D6B /* Base */ = {isa = PBXFileReference; lastKnownFileType = file.storyboard; name = Base; path = Base.lproj/Main.storyboard; sourceTree = "<group>"; };
		1789DCB82502B4AA003C0D6B /* Assets.xcassets */ = {isa = PBXFileReference; lastKnownFileType = folder.assetcatalog; path = Assets.xcassets; sourceTree = "<group>"; };
		1789DCBB2502B4AA003C0D6B /* Base */ = {isa = PBXFileReference; lastKnownFileType = file.storyboard; name = Base; path = Base.lproj/LaunchScreen.storyboard; sourceTree = "<group>"; };
		1789DCBD2502B4AA003C0D6B /* Info.plist */ = {isa = PBXFileReference; lastKnownFileType = text.plist.xml; path = Info.plist; sourceTree = "<group>"; };
		1789DCC22502B4AB003C0D6B /* L4SStampTests.xctest */ = {isa = PBXFileReference; explicitFileType = wrapper.cfbundle; includeInIndex = 0; path = L4SStampTests.xctest; sourceTree = BUILT_PRODUCTS_DIR; };
		1789DCC62502B4AB003C0D6B /* L4SStampTests.swift */ = {isa = PBXFileReference; lastKnownFileType = sourcecode.swift; path = L4SStampTests.swift; sourceTree = "<group>"; };
		1789DCC82502B4AB003C0D6B /* Info.plist */ = {isa = PBXFileReference; lastKnownFileType = text.plist.xml; path = Info.plist; sourceTree = "<group>"; };
		1789DCCD2502B4AB003C0D6B /* L4SStampUITests.xctest */ = {isa = PBXFileReference; explicitFileType = wrapper.cfbundle; includeInIndex = 0; path = L4SStampUITests.xctest; sourceTree = BUILT_PRODUCTS_DIR; };
		1789DCD12502B4AB003C0D6B /* L4SStampUITests.swift */ = {isa = PBXFileReference; lastKnownFileType = sourcecode.swift; path = L4SStampUITests.swift; sourceTree = "<group>"; };
		1789DCD32502B4AB003C0D6B /* Info.plist */ = {isa = PBXFileReference; lastKnownFileType = text.plist.xml; path = Info.plist; sourceTree = "<group>"; };
		1789DCE02502B4BE003C0D6B /* hana.png */ = {isa = PBXFileReference; lastKnownFileType = image.png; path = hana.png; sourceTree = "<group>"; };
		1789DCE12502B4BE003C0D6B /* onpu.png */ = {isa = PBXFileReference; lastKnownFileType = image.png; path = onpu.png; sourceTree = "<group>"; };
		1789DCE22502B4BE003C0D6B /* hoshi.png */ = {isa = PBXFileReference; lastKnownFileType = image.png; path = hoshi.png; sourceTree = "<group>"; };
		1789DCE32502B4BE003C0D6B /* background.png */ = {isa = PBXFileReference; lastKnownFileType = image.png; path = background.png; sourceTree = "<group>"; };
		1789DCE42502B4BE003C0D6B /* shitumon.png */ = {isa = PBXFileReference; lastKnownFileType = image.png; path = shitumon.png; sourceTree = "<group>"; };
/* End PBXFileReference section */

/* Begin PBXFrameworksBuildPhase section */
		1789DCA92502B4A9003C0D6B /* Frameworks */ = {
			isa = PBXFrameworksBuildPhase;
			buildActionMask = 2147483647;
			files = (
			);
			runOnlyForDeploymentPostprocessing = 0;
		};
		1789DCBF2502B4AB003C0D6B /* Frameworks */ = {
			isa = PBXFrameworksBuildPhase;
			buildActionMask = 2147483647;
			files = (
			);
			runOnlyForDeploymentPostprocessing = 0;
		};
		1789DCCA2502B4AB003C0D6B /* Frameworks */ = {
			isa = PBXFrameworksBuildPhase;
			buildActionMask = 2147483647;
			files = (
			);
			runOnlyForDeploymentPostprocessing = 0;
		};
/* End PBXFrameworksBuildPhase section */

/* Begin PBXGroup section */
		1789DCA32502B4A9003C0D6B = {
			isa = PBXGroup;
			children = (
				1789DCAE2502B4A9003C0D6B /* L4SStamp */,
				1789DCC52502B4AB003C0D6B /* L4SStampTests */,
				1789DCD02502B4AB003C0D6B /* L4SStampUITests */,
				1789DCAD2502B4A9003C0D6B /* Products */,
			);
			sourceTree = "<group>";
		};
		1789DCAD2502B4A9003C0D6B /* Products */ = {
			isa = PBXGroup;
			children = (
				1789DCAC2502B4A9003C0D6B /* L4SStamp.app */,
				1789DCC22502B4AB003C0D6B /* L4SStampTests.xctest */,
				1789DCCD2502B4AB003C0D6B /* L4SStampUITests.xctest */,
			);
			name = Products;
			sourceTree = "<group>";
		};
		1789DCAE2502B4A9003C0D6B /* L4SStamp */ = {
			isa = PBXGroup;
			children = (
				1789DCDF2502B4BE003C0D6B /* Stamp */,
				1789DCAF2502B4A9003C0D6B /* AppDelegate.swift */,
				1789DCB12502B4A9003C0D6B /* SceneDelegate.swift */,
				1789DCB32502B4A9003C0D6B /* ViewController.swift */,
				1789DCB52502B4A9003C0D6B /* Main.storyboard */,
				1789DCB82502B4AA003C0D6B /* Assets.xcassets */,
				1789DCBA2502B4AA003C0D6B /* LaunchScreen.storyboard */,
				1789DCBD2502B4AA003C0D6B /* Info.plist */,
			);
			path = L4SStamp;
			sourceTree = "<group>";
		};
		1789DCC52502B4AB003C0D6B /* L4SStampTests */ = {
			isa = PBXGroup;
			children = (
				1789DCC62502B4AB003C0D6B /* L4SStampTests.swift */,
				1789DCC82502B4AB003C0D6B /* Info.plist */,
			);
			path = L4SStampTests;
			sourceTree = "<group>";
		};
		1789DCD02502B4AB003C0D6B /* L4SStampUITests */ = {
			isa = PBXGroup;
			children = (
				1789DCD12502B4AB003C0D6B /* L4SStampUITests.swift */,
				1789DCD32502B4AB003C0D6B /* Info.plist */,
			);
			path = L4SStampUITests;
			sourceTree = "<group>";
		};
		1789DCDF2502B4BE003C0D6B /* Stamp */ = {
			isa = PBXGroup;
			children = (
				1789DCE02502B4BE003C0D6B /* hana.png */,
				1789DCE12502B4BE003C0D6B /* onpu.png */,
				1789DCE22502B4BE003C0D6B /* hoshi.png */,
				1789DCE32502B4BE003C0D6B /* background.png */,
				1789DCE42502B4BE003C0D6B /* shitumon.png */,
			);
			path = Stamp;
			sourceTree = "<group>";
		};
/* End PBXGroup section */

/* Begin PBXNativeTarget section */
		1789DCAB2502B4A9003C0D6B /* L4SStamp */ = {
			isa = PBXNativeTarget;
			buildConfigurationList = 1789DCD62502B4AB003C0D6B /* Build configuration list for PBXNativeTarget "L4SStamp" */;
			buildPhases = (
				1789DCA82502B4A9003C0D6B /* Sources */,
				1789DCA92502B4A9003C0D6B /* Frameworks */,
				1789DCAA2502B4A9003C0D6B /* Resources */,
			);
			buildRules = (
			);
			dependencies = (
			);
			name = L4SStamp;
			productName = L4SStamp;
			productReference = 1789DCAC2502B4A9003C0D6B /* L4SStamp.app */;
			productType = "com.apple.product-type.application";
		};
		1789DCC12502B4AB003C0D6B /* L4SStampTests */ = {
			isa = PBXNativeTarget;
			buildConfigurationList = 1789DCD92502B4AB003C0D6B /* Build configuration list for PBXNativeTarget "L4SStampTests" */;
			buildPhases = (
				1789DCBE2502B4AB003C0D6B /* Sources */,
				1789DCBF2502B4AB003C0D6B /* Frameworks */,
				1789DCC02502B4AB003C0D6B /* Resources */,
			);
			buildRules = (
			);
			dependencies = (
				1789DCC42502B4AB003C0D6B /* PBXTargetDependency */,
			);
			name = L4SStampTests;
			productName = L4SStampTests;
			productReference = 1789DCC22502B4AB003C0D6B /* L4SStampTests.xctest */;
			productType = "com.apple.product-type.bundle.unit-test";
		};
		1789DCCC2502B4AB003C0D6B /* L4SStampUITests */ = {
			isa = PBXNativeTarget;
			buildConfigurationList = 1789DCDC2502B4AB003C0D6B /* Build configuration list for PBXNativeTarget "L4SStampUITests" */;
			buildPhases = (
				1789DCC92502B4AB003C0D6B /* Sources */,
				1789DCCA2502B4AB003C0D6B /* Frameworks */,
				1789DCCB2502B4AB003C0D6B /* Resources */,
			);
			buildRules = (
			);
			dependencies = (
				1789DCCF2502B4AB003C0D6B /* PBXTargetDependency */,
			);
			name = L4SStampUITests;
			productName = L4SStampUITests;
			productReference = 1789DCCD2502B4AB003C0D6B /* L4SStampUITests.xctest */;
			productType = "com.apple.product-type.bundle.ui-testing";
		};
/* End PBXNativeTarget section */

/* Begin PBXProject section */
		1789DCA42502B4A9003C0D6B /* Project object */ = {
			isa = PBXProject;
			attributes = {
				LastSwiftUpdateCheck = 1170;
				LastUpgradeCheck = 1170;
				ORGANIZATIONNAME = "Takemura assan";
				TargetAttributes = {
					1789DCAB2502B4A9003C0D6B = {
						CreatedOnToolsVersion = 11.7;
					};
					1789DCC12502B4AB003C0D6B = {
						CreatedOnToolsVersion = 11.7;
						TestTargetID = 1789DCAB2502B4A9003C0D6B;
					};
					1789DCCC2502B4AB003C0D6B = {
						CreatedOnToolsVersion = 11.7;
						TestTargetID = 1789DCAB2502B4A9003C0D6B;
					};
				};
			};
			buildConfigurationList = 1789DCA72502B4A9003C0D6B /* Build configuration list for PBXProject "L4SStamp" */;
			compatibilityVersion = "Xcode 9.3";
			developmentRegion = en;
			hasScannedForEncodings = 0;
			knownRegions = (
				en,
				Base,
			);
			mainGroup = 1789DCA32502B4A9003C0D6B;
			productRefGroup = 1789DCAD2502B4A9003C0D6B /* Products */;
			projectDirPath = "";
			projectRoot = "";
			targets = (
				1789DCAB2502B4A9003C0D6B /* L4SStamp */,
				1789DCC12502B4AB003C0D6B /* L4SStampTests */,
				1789DCCC2502B4AB003C0D6B /* L4SStampUITests */,
			);
		};
/* End PBXProject section */

/* Begin PBXResourcesBuildPhase section */
		1789DCAA2502B4A9003C0D6B /* Resources */ = {
			isa = PBXResourcesBuildPhase;
			buildActionMask = 2147483647;
			files = (
				1789DCBC2502B4AA003C0D6B /* LaunchScreen.storyboard in Resources */,
				1789DCE72502B4BE003C0D6B /* hoshi.png in Resources */,
				1789DCE82502B4BE003C0D6B /* background.png in Resources */,
				1789DCE62502B4BE003C0D6B /* onpu.png in Resources */,
				1789DCB92502B4AA003C0D6B /* Assets.xcassets in Resources */,
				1789DCB72502B4A9003C0D6B /* Main.storyboard in Resources */,
				1789DCE92502B4BE003C0D6B /* shitumon.png in Resources */,
				1789DCE52502B4BE003C0D6B /* hana.png in Resources */,
			);
			runOnlyForDeploymentPostprocessing = 0;
		};
		1789DCC02502B4AB003C0D6B /* Resources */ = {
			isa = PBXResourcesBuildPhase;
			buildActionMask = 2147483647;
			files = (
			);
			runOnlyForDeploymentPostprocessing = 0;
		};
		1789DCCB2502B4AB003C0D6B /* Resources */ = {
			isa = PBXResourcesBuildPhase;
			buildActionMask = 2147483647;
			files = (
			);
			runOnlyForDeploymentPostprocessing = 0;
		};
/* End PBXResourcesBuildPhase section */

/* Begin PBXSourcesBuildPhase section */
		1789DCA82502B4A9003C0D6B /* Sources */ = {
			isa = PBXSourcesBuildPhase;
			buildActionMask = 2147483647;
			files = (
				1789DCB42502B4A9003C0D6B /* ViewController.swift in Sources */,
				1789DCB02502B4A9003C0D6B /* AppDelegate.swift in Sources */,
				1789DCB22502B4A9003C0D6B /* SceneDelegate.swift in Sources */,
			);
			runOnlyForDeploymentPostprocessing = 0;
		};
		1789DCBE2502B4AB003C0D6B /* Sources */ = {
			isa = PBXSourcesBuildPhase;
			buildActionMask = 2147483647;
			files = (
				1789DCC72502B4AB003C0D6B /* L4SStampTests.swift in Sources */,
			);
			runOnlyForDeploymentPostprocessing = 0;
		};
		1789DCC92502B4AB003C0D6B /* Sources */ = {
			isa = PBXSourcesBuildPhase;
			buildActionMask = 2147483647;
			files = (
				1789DCD22502B4AB003C0D6B /* L4SStampUITests.swift in Sources */,
			);
			runOnlyForDeploymentPostprocessing = 0;
		};
/* End PBXSourcesBuildPhase section */

/* Begin PBXTargetDependency section */
		1789DCC42502B4AB003C0D6B /* PBXTargetDependency */ = {
			isa = PBXTargetDependency;
			target = 1789DCAB2502B4A9003C0D6B /* L4SStamp */;
			targetProxy = 1789DCC32502B4AB003C0D6B /* PBXContainerItemProxy */;
		};
		1789DCCF2502B4AB003C0D6B /* PBXTargetDependency */ = {
			isa = PBXTargetDependency;
			target = 1789DCAB2502B4A9003C0D6B /* L4SStamp */;
			targetProxy = 1789DCCE2502B4AB003C0D6B /* PBXContainerItemProxy */;
		};
/* End PBXTargetDependency section */

/* Begin PBXVariantGroup section */
		1789DCB52502B4A9003C0D6B /* Main.storyboard */ = {
			isa = PBXVariantGroup;
			children = (
				1789DCB62502B4A9003C0D6B /* Base */,
			);
			name = Main.storyboard;
			sourceTree = "<group>";
		};
		1789DCBA2502B4AA003C0D6B /* LaunchScreen.storyboard */ = {
			isa = PBXVariantGroup;
			children = (
				1789DCBB2502B4AA003C0D6B /* Base */,
			);
			name = LaunchScreen.storyboard;
			sourceTree = "<group>";
		};
/* End PBXVariantGroup section */

/* Begin XCBuildConfiguration section */
		1789DCD42502B4AB003C0D6B /* Debug */ = {
			isa = XCBuildConfiguration;
			buildSettings = {
				ALWAYS_SEARCH_USER_PATHS = NO;
				CLANG_ANALYZER_NONNULL = YES;
				CLANG_ANALYZER_NUMBER_OBJECT_CONVERSION = YES_AGGRESSIVE;
				CLANG_CXX_LANGUAGE_STANDARD = "gnu++14";
				CLANG_CXX_LIBRARY = "libc++";
				CLANG_ENABLE_MODULES = YES;
				CLANG_ENABLE_OBJC_ARC = YES;
				CLANG_ENABLE_OBJC_WEAK = YES;
				CLANG_WARN_BLOCK_CAPTURE_AUTORELEASING = YES;
				CLANG_WARN_BOOL_CONVERSION = YES;
				CLANG_WARN_COMMA = YES;
				CLANG_WARN_CONSTANT_CONVERSION = YES;
				CLANG_WARN_DEPRECATED_OBJC_IMPLEMENTATIONS = YES;
				CLANG_WARN_DIRECT_OBJC_ISA_USAGE = YES_ERROR;
				CLANG_WARN_DOCUMENTATION_COMMENTS = YES;
				CLANG_WARN_EMPTY_BODY = YES;
				CLANG_WARN_ENUM_CONVERSION = YES;
				CLANG_WARN_INFINITE_RECURSION = YES;
				CLANG_WARN_INT_CONVERSION = YES;
				CLANG_WARN_NON_LITERAL_NULL_CONVERSION = YES;
				CLANG_WARN_OBJC_IMPLICIT_RETAIN_SELF = YES;
				CLANG_WARN_OBJC_LITERAL_CONVERSION = YES;
				CLANG_WARN_OBJC_ROOT_CLASS = YES_ERROR;
				CLANG_WARN_RANGE_LOOP_ANALYSIS = YES;
				CLANG_WARN_STRICT_PROTOTYPES = YES;
				CLANG_WARN_SUSPICIOUS_MOVE = YES;
				CLANG_WARN_UNGUARDED_AVAILABILITY = YES_AGGRESSIVE;
				CLANG_WARN_UNREACHABLE_CODE = YES;
				CLANG_WARN__DUPLICATE_METHOD_MATCH = YES;
				COPY_PHASE_STRIP = NO;
				DEBUG_INFORMATION_FORMAT = dwarf;
				ENABLE_STRICT_OBJC_MSGSEND = YES;
				ENABLE_TESTABILITY = YES;
				GCC_C_LANGUAGE_STANDARD = gnu11;
				GCC_DYNAMIC_NO_PIC = NO;
				GCC_NO_COMMON_BLOCKS = YES;
				GCC_OPTIMIZATION_LEVEL = 0;
				GCC_PREPROCESSOR_DEFINITIONS = (
					"DEBUG=1",
					"$(inherited)",
				);
				GCC_WARN_64_TO_32_BIT_CONVERSION = YES;
				GCC_WARN_ABOUT_RETURN_TYPE = YES_ERROR;
				GCC_WARN_UNDECLARED_SELECTOR = YES;
				GCC_WARN_UNINITIALIZED_AUTOS = YES_AGGRESSIVE;
				GCC_WARN_UNUSED_FUNCTION = YES;
				GCC_WARN_UNUSED_VARIABLE = YES;
				IPHONEOS_DEPLOYMENT_TARGET = 13.7;
				MTL_ENABLE_DEBUG_INFO = INCLUDE_SOURCE;
				MTL_FAST_MATH = YES;
				ONLY_ACTIVE_ARCH = YES;
				SDKROOT = iphoneos;
				SWIFT_ACTIVE_COMPILATION_CONDITIONS = DEBUG;
				SWIFT_OPTIMIZATION_LEVEL = "-Onone";
			};
			name = Debug;
		};
		1789DCD52502B4AB003C0D6B /* Release */ = {
			isa = XCBuildConfiguration;
			buildSettings = {
				ALWAYS_SEARCH_USER_PATHS = NO;
				CLANG_ANALYZER_NONNULL = YES;
				CLANG_ANALYZER_NUMBER_OBJECT_CONVERSION = YES_AGGRESSIVE;
				CLANG_CXX_LANGUAGE_STANDARD = "gnu++14";
				CLANG_CXX_LIBRARY = "libc++";
				CLANG_ENABLE_MODULES = YES;
				CLANG_ENABLE_OBJC_ARC = YES;
				CLANG_ENABLE_OBJC_WEAK = YES;
				CLANG_WARN_BLOCK_CAPTURE_AUTORELEASING = YES;
				CLANG_WARN_BOOL_CONVERSION = YES;
				CLANG_WARN_COMMA = YES;
				CLANG_WARN_CONSTANT_CONVERSION = YES;
				CLANG_WARN_DEPRECATED_OBJC_IMPLEMENTATIONS = YES;
				CLANG_WARN_DIRECT_OBJC_ISA_USAGE = YES_ERROR;
				CLANG_WARN_DOCUMENTATION_COMMENTS = YES;
				CLANG_WARN_EMPTY_BODY = YES;
				CLANG_WARN_ENUM_CONVERSION = YES;
				CLANG_WARN_INFINITE_RECURSION = YES;
				CLANG_WARN_INT_CONVERSION = YES;
				CLANG_WARN_NON_LITERAL_NULL_CONVERSION = YES;
				CLANG_WARN_OBJC_IMPLICIT_RETAIN_SELF = YES;
				CLANG_WARN_OBJC_LITERAL_CONVERSION = YES;
				CLANG_WARN_OBJC_ROOT_CLASS = YES_ERROR;
				CLANG_WARN_RANGE_LOOP_ANALYSIS = YES;
				CLANG_WARN_STRICT_PROTOTYPES = YES;
				CLANG_WARN_SUSPICIOUS_MOVE = YES;
				CLANG_WARN_UNGUARDED_AVAILABILITY = YES_AGGRESSIVE;
				CLANG_WARN_UNREACHABLE_CODE = YES;
				CLANG_WARN__DUPLICATE_METHOD_MATCH = YES;
				COPY_PHASE_STRIP = NO;
				DEBUG_INFORMATION_FORMAT = "dwarf-with-dsym";
				ENABLE_NS_ASSERTIONS = NO;
				ENABLE_STRICT_OBJC_MSGSEND = YES;
				GCC_C_LANGUAGE_STANDARD = gnu11;
				GCC_NO_COMMON_BLOCKS = YES;
				GCC_WARN_64_TO_32_BIT_CONVERSION = YES;
				GCC_WARN_ABOUT_RETURN_TYPE = YES_ERROR;
				GCC_WARN_UNDECLARED_SELECTOR = YES;
				GCC_WARN_UNINITIALIZED_AUTOS = YES_AGGRESSIVE;
				GCC_WARN_UNUSED_FUNCTION = YES;
				GCC_WARN_UNUSED_VARIABLE = YES;
				IPHONEOS_DEPLOYMENT_TARGET = 13.7;
				MTL_ENABLE_DEBUG_INFO = NO;
				MTL_FAST_MATH = YES;
				SDKROOT = iphoneos;
				SWIFT_COMPILATION_MODE = wholemodule;
				SWIFT_OPTIMIZATION_LEVEL = "-O";
				VALIDATE_PRODUCT = YES;
			};
			name = Release;
		};
		1789DCD72502B4AB003C0D6B /* Debug */ = {
			isa = XCBuildConfiguration;
			buildSettings = {
				ASSETCATALOG_COMPILER_APPICON_NAME = AppIcon;
				CODE_SIGN_STYLE = Automatic;
				INFOPLIST_FILE = L4SStamp/Info.plist;
				LD_RUNPATH_SEARCH_PATHS = (
					"$(inherited)",
					"@executable_path/Frameworks",
				);
				PRODUCT_BUNDLE_IDENTIFIER = app.assan.takemura.L4SStamp;
				PRODUCT_NAME = "$(TARGET_NAME)";
				SWIFT_VERSION = 5.0;
				TARGETED_DEVICE_FAMILY = "1,2";
			};
			name = Debug;
		};
		1789DCD82502B4AB003C0D6B /* Release */ = {
			isa = XCBuildConfiguration;
			buildSettings = {
				ASSETCATALOG_COMPILER_APPICON_NAME = AppIcon;
				CODE_SIGN_STYLE = Automatic;
				INFOPLIST_FILE = L4SStamp/Info.plist;
				LD_RUNPATH_SEARCH_PATHS = (
					"$(inherited)",
					"@executable_path/Frameworks",
				);
				PRODUCT_BUNDLE_IDENTIFIER = app.assan.takemura.L4SStamp;
				PRODUCT_NAME = "$(TARGET_NAME)";
				SWIFT_VERSION = 5.0;
				TARGETED_DEVICE_FAMILY = "1,2";
			};
			name = Release;
		};
		1789DCDA2502B4AB003C0D6B /* Debug */ = {
			isa = XCBuildConfiguration;
			buildSettings = {
				ALWAYS_EMBED_SWIFT_STANDARD_LIBRARIES = YES;
				BUNDLE_LOADER = "$(TEST_HOST)";
				CODE_SIGN_STYLE = Automatic;
				INFOPLIST_FILE = L4SStampTests/Info.plist;
				IPHONEOS_DEPLOYMENT_TARGET = 13.7;
				LD_RUNPATH_SEARCH_PATHS = (
					"$(inherited)",
					"@executable_path/Frameworks",
					"@loader_path/Frameworks",
				);
				PRODUCT_BUNDLE_IDENTIFIER = app.assan.takemura.L4SStampTests;
				PRODUCT_NAME = "$(TARGET_NAME)";
				SWIFT_VERSION = 5.0;
				TARGETED_DEVICE_FAMILY = "1,2";
				TEST_HOST = "$(BUILT_PRODUCTS_DIR)/L4SStamp.app/L4SStamp";
			};
			name = Debug;
		};
		1789DCDB2502B4AB003C0D6B /* Release */ = {
			isa = XCBuildConfiguration;
			buildSettings = {
				ALWAYS_EMBED_SWIFT_STANDARD_LIBRARIES = YES;
				BUNDLE_LOADER = "$(TEST_HOST)";
				CODE_SIGN_STYLE = Automatic;
				INFOPLIST_FILE = L4SStampTests/Info.plist;
				IPHONEOS_DEPLOYMENT_TARGET = 13.7;
				LD_RUNPATH_SEARCH_PATHS = (
					"$(inherited)",
					"@executable_path/Frameworks",
					"@loader_path/Frameworks",
				);
				PRODUCT_BUNDLE_IDENTIFIER = app.assan.takemura.L4SStampTests;
				PRODUCT_NAME = "$(TARGET_NAME)";
				SWIFT_VERSION = 5.0;
				TARGETED_DEVICE_FAMILY = "1,2";
				TEST_HOST = "$(BUILT_PRODUCTS_DIR)/L4SStamp.app/L4SStamp";
			};
			name = Release;
		};
		1789DCDD2502B4AB003C0D6B /* Debug */ = {
			isa = XCBuildConfiguration;
			buildSettings = {
				ALWAYS_EMBED_SWIFT_STANDARD_LIBRARIES = YES;
				CODE_SIGN_STYLE = Automatic;
				INFOPLIST_FILE = L4SStampUITests/Info.plist;
				LD_RUNPATH_SEARCH_PATHS = (
					"$(inherited)",
					"@executable_path/Frameworks",
					"@loader_path/Frameworks",
				);
				PRODUCT_BUNDLE_IDENTIFIER = app.assan.takemura.L4SStampUITests;
				PRODUCT_NAME = "$(TARGET_NAME)";
				SWIFT_VERSION = 5.0;
				TARGETED_DEVICE_FAMILY = "1,2";
				TEST_TARGET_NAME = L4SStamp;
			};
			name = Debug;
		};
		1789DCDE2502B4AB003C0D6B /* Release */ = {
			isa = XCBuildConfiguration;
			buildSettings = {
				ALWAYS_EMBED_SWIFT_STANDARD_LIBRARIES = YES;
				CODE_SIGN_STYLE = Automatic;
				INFOPLIST_FILE = L4SStampUITests/Info.plist;
				LD_RUNPATH_SEARCH_PATHS = (
					"$(inherited)",
					"@executable_path/Frameworks",
					"@loader_path/Frameworks",
				);
				PRODUCT_BUNDLE_IDENTIFIER = app.assan.takemura.L4SStampUITests;
				PRODUCT_NAME = "$(TARGET_NAME)";
				SWIFT_VERSION = 5.0;
				TARGETED_DEVICE_FAMILY = "1,2";
				TEST_TARGET_NAME = L4SStamp;
			};
			name = Release;
		};
/* End XCBuildConfiguration section */

/* Begin XCConfigurationList section */
		1789DCA72502B4A9003C0D6B /* Build configuration list for PBXProject "L4SStamp" */ = {
			isa = XCConfigurationList;
			buildConfigurations = (
				1789DCD42502B4AB003C0D6B /* Debug */,
				1789DCD52502B4AB003C0D6B /* Release */,
			);
			defaultConfigurationIsVisible = 0;
			defaultConfigurationName = Release;
		};
		1789DCD62502B4AB003C0D6B /* Build configuration list for PBXNativeTarget "L4SStamp" */ = {
			isa = XCConfigurationList;
			buildConfigurations = (
				1789DCD72502B4AB003C0D6B /* Debug */,
				1789DCD82502B4AB003C0D6B /* Release */,
			);
			defaultConfigurationIsVisible = 0;
			defaultConfigurationName = Release;
		};
		1789DCD92502B4AB003C0D6B /* Build configuration list for PBXNativeTarget "L4SStampTests" */ = {
			isa = XCConfigurationList;
			buildConfigurations = (
				1789DCDA2502B4AB003C0D6B /* Debug */,
				1789DCDB2502B4AB003C0D6B /* Release */,
			);
			defaultConfigurationIsVisible = 0;
			defaultConfigurationName = Release;
		};
		1789DCDC2502B4AB003C0D6B /* Build configuration list for PBXNativeTarget "L4SStampUITests" */ = {
			isa = XCConfigurationList;
			buildConfigurations = (
				1789DCDD2502B4AB003C0D6B /* Debug */,
				1789DCDE2502B4AB003C0D6B /* Release */,
			);
			defaultConfigurationIsVisible = 0;
			defaultConfigurationName = Release;
		};
/* End XCConfigurationList section */
	};
	rootObject = 1789DCA42502B4A9003C0D6B /* Project object */;
}
